hash: 4d6c08692cb0fb2972db449f8ff8f6204d4560d1bbaa62c6c8a59e54e8d20872
updated: 2018-10-21T17:55:46.21423607+07:00
imports:
- name: github.com/go-ole/go-ole
  version: 7a0fa49edf48165190530c675167e2f319a05268
  subpackages:
  - oleutil
- name: github.com/martinolsen/go-whois
  version: 5d2cb3b23df53c274869c95c180ebd39f0dca0b7
- name: github.com/MathieuTurcotte/go-trie
  version: 907bb848563c1ffb323c7cd2edd747dcaf58a2c3
  subpackages:
  - gtrie
- name: github.com/shirou/gopsutil
  version: a11c78ba2c13c5b1ee59c53296ba35f92f0ce658
  subpackages:
  - cpu
  - host
  - internal/common
  - mem
  - net
  - process
- name: github.com/shirou/w32
  version: bb4de0191aa41b5507caa14b0650cdbddcd9280b
- name: github.com/StackExchange/wmi
  version: b12b22c5341f0c26d88c4d66176330500e84db68
- name: golang.org/x/sys
  version: 8e24a49d80f82323e1c4db1b5da3e0f31171a151
  subpackages:
  - unix
  - windows
testImports: []
